Microsoft Visual Studio Solution File, Format Version 12.00
# Visual Studio Version 17
VisualStudioVersion = 17.5.2.0
MinimumVisualStudioVersion = 10.0.40219.1
Project("{2150E333-8FDC-42A3-9474-1A3956D46DE8}") = "src", "src", "{827E0CD3-B72D-47B6-A68D-7590B98EB39B}"
EndProject
Project("{FAE04EC0-301F-11D3-BF4B-00C04F79EFBC}") = "clif", "src\clif\clif.csproj", "{80879E75-7284-A944-0187-561827AC25C4}"
EndProject
Project("{FAE04EC0-301F-11D3-BF4B-00C04F79EFBC}") = "clifCore", "src\clifCore\clifCore.csproj", "{5C6A5D24-F941-4423-B4D0-7830BE2B8194}"
EndProject
Global
	GlobalSection(SolutionConfigurationPlatforms) = preSolution
		Debug|Any CPU = Debug|Any CPU
		Release|Any CPU = Release|Any CPU
	EndGlobalSection
	GlobalSection(ProjectConfigurationPlatforms) = postSolution
		{80879E75-7284-A944-0187-561827AC25C4}.Debug|Any CPU.ActiveCfg = Debug|Any CPU
		{80879E75-7284-A944-0187-561827AC25C4}.Debug|Any CPU.Build.0 = Debug|Any CPU
		{80879E75-7284-A944-0187-561827AC25C4}.Release|Any CPU.ActiveCfg = Release|Any CPU
		{80879E75-7284-A944-0187-561827AC25C4}.Release|Any CPU.Build.0 = Release|Any CPU
		{5C6A5D24-F941-4423-B4D0-7830BE2B8194}.Debug|Any CPU.ActiveCfg = Debug|Any CPU
		{5C6A5D24-F941-4423-B4D0-7830BE2B8194}.Debug|Any CPU.Build.0 = Debug|Any CPU
		{5C6A5D24-F941-4423-B4D0-7830BE2B8194}.Release|Any CPU.ActiveCfg = Release|Any CPU
		{5C6A5D24-F941-4423-B4D0-7830BE2B8194}.Release|Any CPU.Build.0 = Release|Any CPU
	EndGlobalSection
	GlobalSection(SolutionProperties) = preSolution
		HideSolutionNode = FALSE
	EndGlobalSection
	GlobalSection(NestedProjects) = preSolution
		{80879E75-7284-A944-0187-561827AC25C4} = {827E0CD3-B72D-47B6-A68D-7590B98EB39B}
		{5C6A5D24-F941-4423-B4D0-7830BE2B8194} = {827E0CD3-B72D-47B6-A68D-7590B98EB39B}
	EndGlobalSection
	GlobalSection(ExtensibilityGlobals) = postSolution
		SolutionGuid = {14720B62-C954-4E8E-9D0E-695DDC169C6A}
	EndGlobalSection
EndGlobal
