Microsoft Visual Studio Solution File, Format Version 12.00
# Visual Studio Version 17
VisualStudioVersion = 17.5.2.0
MinimumVisualStudioVersion = 10.0.40219.1
Project("{2150E333-8FDC-42A3-9474-1A3956D46DE8}") = "src", "src", "{827E0CD3-B72D-47B6-A68D-7590B98EB39B}"
EndProject
Project("{FAE04EC0-301F-11D3-BF4B-00C04F79EFBC}") = "clifCLI", "src\clifCLI\clifCLI.csproj", "{4D028FB9-7C3F-0B58-4A9C-57842B225422}"
EndProject
Project("{FAE04EC0-301F-11D3-BF4B-00C04F79EFBC}") = "clif", "src\clif\clif.csproj", "{80879E75-7284-A944-0187-561827AC25C4}"
EndProject
Project("{FAE04EC0-301F-11D3-BF4B-00C04F79EFBC}") = "clifDesign", "src\clifDesign\clifDesign.csproj", "{386BD407-C8F6-AC21-4A46-4B384668A4FD}"
EndProject
Global
	GlobalSection(SolutionConfigurationPlatforms) = preSolution
		Debug|Any CPU = Debug|Any CPU
		Release|Any CPU = Release|Any CPU
	EndGlobalSection
	GlobalSection(ProjectConfigurationPlatforms) = postSolution
		{4D028FB9-7C3F-0B58-4A9C-57842B225422}.Debug|Any CPU.ActiveCfg = Debug|Any CPU
		{4D028FB9-7C3F-0B58-4A9C-57842B225422}.Debug|Any CPU.Build.0 = Debug|Any CPU
		{4D028FB9-7C3F-0B58-4A9C-57842B225422}.Release|Any CPU.ActiveCfg = Release|Any CPU
		{4D028FB9-7C3F-0B58-4A9C-57842B225422}.Release|Any CPU.Build.0 = Release|Any CPU
		{80879E75-7284-A944-0187-561827AC25C4}.Debug|Any CPU.ActiveCfg = Debug|Any CPU
		{80879E75-7284-A944-0187-561827AC25C4}.Debug|Any CPU.Build.0 = Debug|Any CPU
		{80879E75-7284-A944-0187-561827AC25C4}.Release|Any CPU.ActiveCfg = Release|Any CPU
		{80879E75-7284-A944-0187-561827AC25C4}.Release|Any CPU.Build.0 = Release|Any CPU
		{386BD407-C8F6-AC21-4A46-4B384668A4FD}.Debug|Any CPU.ActiveCfg = Debug|Any CPU
		{386BD407-C8F6-AC21-4A46-4B384668A4FD}.Debug|Any CPU.Build.0 = Debug|Any CPU
		{386BD407-C8F6-AC21-4A46-4B384668A4FD}.Release|Any CPU.ActiveCfg = Release|Any CPU
		{386BD407-C8F6-AC21-4A46-4B384668A4FD}.Release|Any CPU.Build.0 = Release|Any CPU
	EndGlobalSection
	GlobalSection(SolutionProperties) = preSolution
		HideSolutionNode = FALSE
	EndGlobalSection
	GlobalSection(NestedProjects) = preSolution
		{4D028FB9-7C3F-0B58-4A9C-57842B225422} = {827E0CD3-B72D-47B6-A68D-7590B98EB39B}
		{80879E75-7284-A944-0187-561827AC25C4} = {827E0CD3-B72D-47B6-A68D-7590B98EB39B}
		{386BD407-C8F6-AC21-4A46-4B384668A4FD} = {827E0CD3-B72D-47B6-A68D-7590B98EB39B}
	EndGlobalSection
	GlobalSection(ExtensibilityGlobals) = postSolution
		SolutionGuid = {EE764B31-1B15-4D44-A768-70D3CAA3044C}
	EndGlobalSection
EndGlobal
